
Microsoft Visual Studio Solution File, Format Version 12.00
# Visual C# Express 2010
Project("{FAE04EC0-301F-11D3-BF4B-00C04F79EFBC}") = "PlugwiseImporter", "PlugwiseImporter\PlugwiseImporter.csproj", "{A093E800-01D3-4FFF-B973-D8246EB881AF}"
EndProject
Project("{FAE04EC0-301F-11D3-BF4B-00C04F79EFBC}") = "PlugwiseImporter.Tests", "PlugwiseImporter.Tests\PlugwiseImporter.Tests.csproj", "{25AF2C31-61E6-4162-ACAA-56038974BE5B}"
EndProject
Global
	GlobalSection(SolutionConfigurationPlatforms) = preSolution
		Debug|Any CPU = Debug|Any CPU
		Debug|x86 = Debug|x86
		Release|Any CPU = Release|Any CPU
		Release|x86 = Release|x86
	EndGlobalSection
	GlobalSection(ProjectConfigurationPlatforms) = postSolution
		{A093E800-01D3-4FFF-B973-D8246EB881AF}.Debug|Any CPU.ActiveCfg = Debug|Any CPU
		{A093E800-01D3-4FFF-B973-D8246EB881AF}.Debug|Any CPU.Build.0 = Debug|Any CPU
		{A093E800-01D3-4FFF-B973-D8246EB881AF}.Debug|x86.ActiveCfg = Debug|x86
		{A093E800-01D3-4FFF-B973-D8246EB881AF}.Debug|x86.Build.0 = Debug|x86
		{A093E800-01D3-4FFF-B973-D8246EB881AF}.Release|Any CPU.ActiveCfg = Release|Any CPU
		{A093E800-01D3-4FFF-B973-D8246EB881AF}.Release|Any CPU.Build.0 = Release|Any CPU
		{A093E800-01D3-4FFF-B973-D8246EB881AF}.Release|x86.ActiveCfg = Release|x86
		{A093E800-01D3-4FFF-B973-D8246EB881AF}.Release|x86.Build.0 = Release|x86
		{25AF2C31-61E6-4162-ACAA-56038974BE5B}.Debug|Any CPU.ActiveCfg = Debug|Any CPU
		{25AF2C31-61E6-4162-ACAA-56038974BE5B}.Debug|Any CPU.Build.0 = Debug|Any CPU
		{25AF2C31-61E6-4162-ACAA-56038974BE5B}.Debug|x86.ActiveCfg = Debug|Any CPU
		{25AF2C31-61E6-4162-ACAA-56038974BE5B}.Debug|x86.Build.0 = Debug|Any CPU
		{25AF2C31-61E6-4162-ACAA-56038974BE5B}.Release|Any CPU.ActiveCfg = Release|Any CPU
		{25AF2C31-61E6-4162-ACAA-56038974BE5B}.Release|Any CPU.Build.0 = Release|Any CPU
		{25AF2C31-61E6-4162-ACAA-56038974BE5B}.Release|x86.ActiveCfg = Release|Any CPU
	EndGlobalSection
	GlobalSection(SolutionProperties) = preSolution
		HideSolutionNode = FALSE
	EndGlobalSection
EndGlobal
